#MicroXplorer Configuration settings - do not modify
Mcu.Family=STM32G0
ProjectManager.MainLocation=Core/Src
PA6.Mode=Full_Duplex_Master
RCC.USART1Freq_Value=64000000
SH.S_TIM1_CH4.0=TIM1_CH4,PWM Generation4 CH4
USART2.IPParameters=VirtualMode-Asynchronous
RCC.CortexFreq_Value=64000000
PC14-OSC32_IN\ (PC14).GPIO_PuPd=GPIO_NOPULL
Dma.USART2_TX.0.PeriphDataAlignment=DMA_PDATAALIGN_BYTE
ProjectManager.KeepUserCode=true
Mcu.UserName=STM32G031F6Px
SPI1.VirtualType=VM_MASTER
TIM1.IPParameters=Channel-PWM Generation1 CH1,Channel-PWM Generation2 CH2,Channel-PWM Generation4 CH4,Prescaler,Period
Dma.USART2_RX.1.RequestNumber=1
VP_IWDG_VS_IWDG.Mode=IWDG_Activate
PA0.GPIO_Label=ACC_INT1
PA14-BOOT0.Mode=Serial_Wire
ProjectManager.functionlistsort=1-MX_GPIO_Init-GPIO-false-HAL-true,2-SystemClock_Config-RCC-false-HAL-false,3-MX_SPI1_Init-SPI1-false-HAL-true,4-MX_USART2_UART_Init-USART2-false-HAL-true
NVIC.SVC_IRQn=true\:0\:0\:false\:false\:true\:false\:false
SH.S_TIM1_CH1.ConfNb=1
Dma.USART2_TX.0.EventEnable=DISABLE
PinOutPanel.RotationAngle=0
Dma.USART2_RX.1.MemDataAlignment=DMA_MDATAALIGN_BYTE
RCC.MCO1PinFreq_Value=64000000
RCC.SYSCLKSource=RCC_SYSCLKSOURCE_PLLCLK
ProjectManager.StackSize=0x400
Dma.USART2_TX.0.RequestParameters=Instance,Direction,PeriphInc,MemInc,PeriphDataAlignment,MemDataAlignment,Mode,Priority,SignalID,Polarity,RequestNumber,SyncSignalID,SyncPolarity,SyncEnable,EventEnable,SyncRequestNumber
RCC.LPTIM1Freq_Value=64000000
Mcu.IP4=SPI1
RCC.FCLKCortexFreq_Value=64000000
Mcu.IP5=SYS
Mcu.IP2=NVIC
Mcu.IP3=RCC
Mcu.IP0=DMA
Dma.USART2_TX.0.Priority=DMA_PRIORITY_LOW
Mcu.IP1=IWDG
PC15-OSC32_OUT\ (PC15).GPIOParameters=GPIO_Label
TIM1.Prescaler=640
Mcu.UserConstants=
Dma.USART2_RX.1.SyncSignalID=NONE
Mcu.ThirdPartyNb=0
TIM1.Channel-PWM\ Generation4\ CH4=TIM_CHANNEL_4
SPI1.Direction=SPI_DIRECTION_2LINES
RCC.HCLKFreq_Value=64000000
Mcu.IPNb=8
ProjectManager.PreviousToolchain=
Dma.USART2_RX.1.PeriphInc=DMA_PINC_DISABLE
SPI1.CalculateBaudRate=250.0 KBits/s
Mcu.Pin6=PA4
Mcu.Pin7=PA5
Mcu.Pin8=PA6
Mcu.Pin9=PA7
Dma.USART2_RX.1.MemInc=DMA_MINC_ENABLE
RCC.AHBFreq_Value=64000000
Mcu.Pin0=PC14-OSC32_IN (PC14)
PA14-BOOT0.Signal=SYS_SWCLK
Mcu.Pin1=PC15-OSC32_OUT (PC15)
GPIO.groupedBy=Group By Peripherals
Mcu.Pin2=PA0
Mcu.Pin3=PA1
Mcu.Pin4=PA2
Mcu.Pin5=PA3
ProjectManager.ProjectBuild=false
Dma.USART2_RX.1.RequestParameters=Instance,Direction,PeriphInc,MemInc,PeriphDataAlignment,MemDataAlignment,Mode,Priority,SignalID,Polarity,RequestNumber,SyncSignalID,SyncPolarity,SyncEnable,EventEnable,SyncRequestNumber
RCC.HSE_VALUE=8000000
PA0.Locked=true
PA4.GPIO_PuPd=GPIO_NOPULL
PA4.Locked=true
USART2.VirtualMode-Asynchronous=VM_ASYNC
NVIC.SysTick_IRQn=true\:0\:0\:false\:false\:true\:false\:true
PA4.GPIO_Speed=GPIO_SPEED_FREQ_LOW
ProjectManager.FirmwarePackage=STM32Cube FW_G0 V1.3.0
MxDb.Version=DB.5.0.60
Dma.USART2_RX.1.SyncPolarity=HAL_DMAMUX_SYNC_NO_EVENT
ProjectManager.BackupPrevious=false
Dma.USART2_RX.1.SyncEnable=DISABLE
RCC.VCOInputFreq_Value=16000000
TIM1.Channel-PWM\ Generation1\ CH1=TIM_CHANNEL_1
PA5.GPIO_PuPd=GPIO_NOPULL
File.Version=6
PA8.Signal=S_TIM1_CH1
RCC.PLLRCLKFreq_Value=64000000
Dma.USART2_TX.0.MemDataAlignment=DMA_MDATAALIGN_BYTE
NVIC.PendSV_IRQn=true\:0\:0\:false\:false\:true\:false\:false
Dma.USART2_TX.0.Direction=DMA_MEMORY_TO_PERIPH
Dma.USART2_TX.0.Instance=DMA1_Channel1
Dma.RequestsNb=2
ProjectManager.HalAssertFull=false
ProjectManager.ProjectName=rfc_tackle_sensor
PA0.Signal=GPIO_Input
RCC.TIM1Freq_Value=64000000
Mcu.Package=TSSOP20
PA6.Signal=SPI1_MISO
PA5.Locked=true
PC14-OSC32_IN\ (PC14).PinState=GPIO_PIN_RESET
RCC.APBFreq_Value=64000000
PA0.GPIO_PuPd=GPIO_NOPULL
ProjectManager.ToolChainLocation=
RCC.LSI_VALUE=32000
VP_SYS_VS_Systick.Signal=SYS_VS_Systick
RCC.LSCOPinFreq_Value=32000
Dma.USART2_TX.0.RequestNumber=1
PA5.GPIOParameters=GPIO_PuPd,GPIO_Label,GPIO_Mode
PA4.GPIO_ModeDefaultOutputPP=GPIO_MODE_OUTPUT_PP
PC14-OSC32_IN\ (PC14).GPIO_ModeDefaultOutputPP=GPIO_MODE_OUTPUT_PP
PC14-OSC32_IN\ (PC14).Locked=true
Dma.USART2_TX.0.Mode=DMA_NORMAL
Dma.USART2_RX.1.SyncRequestNumber=1
RCC.PLLPoutputFreq_Value=64000000
Dma.Request1=USART2_RX
RCC.LPUART1Freq_Value=64000000
Dma.USART2_TX.0.SyncPolarity=HAL_DMAMUX_SYNC_NO_EVENT
TIM1.Period=1000
Dma.USART2_RX.1.Mode=DMA_NORMAL
Dma.Request0=USART2_TX
SPI1.BaudRatePrescaler=SPI_BAUDRATEPRESCALER_256
PA4.GPIO_Label=SPI1_NSS
ProjectManager.CustomerFirmwarePackage=
PA3.Signal=USART2_RX
PA2.Locked=true
RCC.PLLQoutputFreq_Value=64000000
ProjectManager.ProjectFileName=rfc_tackle_sensor.ioc
Dma.USART2_RX.1.Priority=DMA_PRIORITY_LOW
PC15-OSC32_OUT\ (PC15).GPIO_Label=MODE_SELECT
PA7.Mode=Full_Duplex_Master
Dma.USART2_TX.0.MemInc=DMA_MINC_ENABLE
Mcu.PinsNb=17
ProjectManager.NoMain=false
SPI1.IPParameters=VirtualType,Mode,Direction,CalculateBaudRate,BaudRatePrescaler
Dma.USART2_RX.1.SignalID=NONE
PA0.GPIO_Mode=GPIO_MODE_INPUT
RCC.EXTERNAL_CLOCK_VALUE=12288000
ProjectManager.DefaultFWLocation=true
PC15-OSC32_OUT\ (PC15).Signal=GPIO_Input
ProjectManager.DeletePrevious=true
NVIC.USART2_IRQn=true\:0\:0\:false\:false\:true\:true\:true
RCC.FamilyName=M
PC14-OSC32_IN\ (PC14).GPIO_Label=TACKLE_STATUS
PA13.Signal=SYS_SWDIO
PA3.Mode=Asynchronous
SH.S_TIM1_CH1.0=TIM1_CH1,PWM Generation1 CH1
PA4.PinState=GPIO_PIN_RESET
ProjectManager.TargetToolchain=STM32CubeIDE
TIM1.Channel-PWM\ Generation2\ CH2=TIM_CHANNEL_2
RCC.I2S1Freq_Value=64000000
PC15-OSC32_OUT\ (PC15).Locked=true
RCC.LSE_VALUE=32768
PA1.Signal=SPI1_SCK
Dma.USART2_RX.1.Instance=DMA1_Channel2
SH.S_TIM1_CH2.ConfNb=1
Dma.USART2_RX.1.Direction=DMA_PERIPH_TO_MEMORY
PA5.Signal=GPIO_Input
Dma.USART2_RX.1.PeriphDataAlignment=DMA_PDATAALIGN_BYTE
board=custom
Dma.USART2_TX.0.SyncSignalID=NONE
RCC.VCOOutputFreq_Value=128000000
ProjectManager.LastFirmware=true
PA1.Mode=Full_Duplex_Master
MxCube.Version=5.6.1
RCC.I2C1Freq_Value=64000000
SH.S_TIM1_CH2.0=TIM1_CH2,PWM Generation2 CH2
SPI1.Mode=SPI_MODE_MASTER
Dma.USART2_RX.1.EventEnable=DISABLE
Dma.USART2_TX.0.Polarity=HAL_DMAMUX_REQ_GEN_RISING
RCC.ADCFreq_Value=64000000
VP_SYS_VS_Systick.Mode=SysTick
NVIC.NonMaskableInt_IRQn=true\:0\:0\:false\:false\:true\:false\:false
PA4.GPIOParameters=GPIO_Speed,PinState,GPIO_PuPd,GPIO_Label,GPIO_ModeDefaultOutputPP
PA13.Mode=Serial_Wire
ProjectManager.FreePins=false
RCC.IPParameters=ADCFreq_Value,AHBFreq_Value,APBFreq_Value,APBTimFreq_Value,CortexFreq_Value,EXTERNAL_CLOCK_VALUE,FCLKCortexFreq_Value,FamilyName,HCLKFreq_Value,HSE_VALUE,HSI_VALUE,I2C1Freq_Value,I2S1Freq_Value,LPTIM1Freq_Value,LPTIM2Freq_Value,LPUART1Freq_Value,LSCOPinFreq_Value,LSE_VALUE,LSI_VALUE,MCO1PinFreq_Value,PLLPoutputFreq_Value,PLLQoutputFreq_Value,PLLRCLKFreq_Value,PWRFreq_Value,SYSCLKFreq_VALUE,SYSCLKSource,TIM1Freq_Value,USART1Freq_Value,VCOInputFreq_Value,VCOOutputFreq_Value
IWDG.IPParameters=Prescaler
ProjectManager.AskForMigrate=true
PA11\ [PA9].Signal=S_TIM1_CH4
Mcu.Name=STM32G031F(4-6-8)Px
RCC.LPTIM2Freq_Value=64000000
PA2.Signal=USART2_TX
ProjectManager.UnderRoot=true
Mcu.IP6=TIM1
Mcu.IP7=USART2
ProjectManager.CoupleFile=false
PB3.Signal=S_TIM1_CH2
PA4.Signal=GPIO_Output
RCC.APBTimFreq_Value=64000000
RCC.SYSCLKFreq_VALUE=64000000
Dma.USART2_TX.0.SyncRequestNumber=1
Dma.USART2_RX.1.Polarity=HAL_DMAMUX_REQ_GEN_RISING
PA3.Locked=true
Dma.USART2_TX.0.PeriphInc=DMA_PINC_DISABLE
PA5.GPIO_Label=ACC_INT2
NVIC.ForceEnableDMAVector=true
KeepUserPlacement=false
Dma.USART2_TX.0.SignalID=NONE
PC14-OSC32_IN\ (PC14).Signal=GPIO_Output
ProjectManager.CompilerOptimize=6
VP_IWDG_VS_IWDG.Signal=IWDG_VS_IWDG
ProjectManager.HeapSize=0x200
Mcu.Pin15=VP_IWDG_VS_IWDG
PA0.GPIOParameters=GPIO_PuPd,GPIO_Label,GPIO_Mode
NVIC.HardFault_IRQn=true\:0\:0\:false\:false\:true\:false\:false
Mcu.Pin16=VP_SYS_VS_Systick
Mcu.Pin13=PA14-BOOT0
Mcu.Pin14=PB3
ProjectManager.ComputerToolchain=false
RCC.HSI_VALUE=16000000
PC14-OSC32_IN\ (PC14).GPIOParameters=GPIO_Speed,PinState,GPIO_PuPd,GPIO_Label,GPIO_ModeDefaultOutputPP
Mcu.Pin11=PA11 [PA9]
Mcu.Pin12=PA13
Mcu.Pin10=PA8
IWDG.Prescaler=IWDG_PRESCALER_256
NVIC.DMA1_Channel2_3_IRQn=true\:0\:0\:false\:false\:true\:false\:true
PA2.Mode=Asynchronous
RCC.PWRFreq_Value=64000000
NVIC.DMA1_Channel1_IRQn=true\:0\:0\:false\:false\:true\:false\:true
PA5.GPIO_Mode=GPIO_MODE_INPUT
SH.S_TIM1_CH4.ConfNb=1
ProjectManager.DeviceId=STM32G031F6Px
Dma.USART2_TX.0.SyncEnable=DISABLE
ProjectManager.LibraryCopy=1
PC14-OSC32_IN\ (PC14).GPIO_Speed=GPIO_SPEED_FREQ_LOW
PA7.Signal=SPI1_MOSI
isbadioc=false
